// !$*UTF8*$!
{
	archiveVersion = 1;
	classes = {
	};
	objectVersion = 50;
	objects = {

/* Begin PBXBuildFile section */
		69943DED22888FEB004DBDF2 /* AppDelegate.swift in Sources */ = {isa = PBXBuildFile; fileRef = 69943DEC22888FEB004DBDF2 /* AppDelegate.swift */; };
		69943DF422888FEC004DBDF2 /* Assets.xcassets in Resources */ = {isa = PBXBuildFile; fileRef = 69943DF322888FEC004DBDF2 /* Assets.xcassets */; };
		69943DF722888FEC004DBDF2 /* LaunchScreen.storyboard in Resources */ = {isa = PBXBuildFile; fileRef = 69943DF522888FEC004DBDF2 /* LaunchScreen.storyboard */; };
		69943DFF22889633004DBDF2 /* sceneViewController.swift in Sources */ = {isa = PBXBuildFile; fileRef = 69943DFE22889633004DBDF2 /* sceneViewController.swift */; };
		69943E01228B124C004DBDF2 /* art.scnassets in Resources */ = {isa = PBXBuildFile; fileRef = 69943E00228B124C004DBDF2 /* art.scnassets */; };
		69C8F2B4228B1C3900BF76DC /* melissa.MOV in Resources */ = {isa = PBXBuildFile; fileRef = 69C8F2B2228B1C3900BF76DC /* melissa.MOV */; };
		69C8F2B5228B1C3900BF76DC /* simple.mp4 in Resources */ = {isa = PBXBuildFile; fileRef = 69C8F2B3228B1C3900BF76DC /* simple.mp4 */; };
/* End PBXBuildFile section */

/* Begin PBXFileReference section */
		69943DE922888FEB004DBDF2 /* ARNew.app */ = {isa = PBXFileReference; explicitFileType = wrapper.application; includeInIndex = 0; path = ARNew.app; sourceTree = BUILT_PRODUCTS_DIR; };
		69943DEC22888FEB004DBDF2 /* AppDelegate.swift */ = {isa = PBXFileReference; lastKnownFileType = sourcecode.swift; path = AppDelegate.swift; sourceTree = "<group>"; };
		69943DF322888FEC004DBDF2 /* Assets.xcassets */ = {isa = PBXFileReference; lastKnownFileType = folder.assetcatalog; path = Assets.xcassets; sourceTree = "<group>"; };
		69943DF622888FEC004DBDF2 /* Base */ = {isa = PBXFileReference; lastKnownFileType = file.storyboard; name = Base; path = Base.lproj/LaunchScreen.storyboard; sourceTree = "<group>"; };
		69943DF822888FEC004DBDF2 /* Info.plist */ = {isa = PBXFileReference; lastKnownFileType = text.plist.xml; path = Info.plist; sourceTree = "<group>"; };
		69943DFE22889633004DBDF2 /* sceneViewController.swift */ = {isa = PBXFileReference; lastKnownFileType = sourcecode.swift; path = sceneViewController.swift; sourceTree = "<group>"; };
		69943E00228B124C004DBDF2 /* art.scnassets */ = {isa = PBXFileReference; lastKnownFileType = wrapper.scnassets; path = art.scnassets; sourceTree = "<group>"; };
		69C8F2B2228B1C3900BF76DC /* melissa.MOV */ = {isa = PBXFileReference; lastKnownFileType = video.quicktime; path = melissa.MOV; sourceTree = "<group>"; };
		69C8F2B3228B1C3900BF76DC /* simple.mp4 */ = {isa = PBXFileReference; lastKnownFileType = file; path = simple.mp4; sourceTree = "<group>"; };
/* End PBXFileReference section */

/* Begin PBXFrameworksBuildPhase section */
		69943DE622888FEB004DBDF2 /* Frameworks */ = {
			isa = PBXFrameworksBuildPhase;
			buildActionMask = 2147483647;
			files = (
			);
			runOnlyForDeploymentPostprocessing = 0;
		};
/* End PBXFrameworksBuildPhase section */

/* Begin PBXGroup section */
		69943DE022888FEB004DBDF2 = {
			isa = PBXGroup;
			children = (
				69943DEB22888FEB004DBDF2 /* ARNew */,
				69943DEA22888FEB004DBDF2 /* Products */,
			);
			sourceTree = "<group>";
		};
		69943DEA22888FEB004DBDF2 /* Products */ = {
			isa = PBXGroup;
			children = (
				69943DE922888FEB004DBDF2 /* ARNew.app */,
			);
			name = Products;
			sourceTree = "<group>";
		};
		69943DEB22888FEB004DBDF2 /* ARNew */ = {
			isa = PBXGroup;
			children = (
				69943E00228B124C004DBDF2 /* art.scnassets */,
				69943DEC22888FEB004DBDF2 /* AppDelegate.swift */,
				69943DFE22889633004DBDF2 /* sceneViewController.swift */,
				69943DF322888FEC004DBDF2 /* Assets.xcassets */,
				69C8F2B2228B1C3900BF76DC /* melissa.MOV */,
				69C8F2B3228B1C3900BF76DC /* simple.mp4 */,
				69943DF522888FEC004DBDF2 /* LaunchScreen.storyboard */,
				69943DF822888FEC004DBDF2 /* Info.plist */,
			);
			path = ARNew;
			sourceTree = "<group>";
		};
/* End PBXGroup section */

/* Begin PBXNativeTarget section */
		69943DE822888FEB004DBDF2 /* ARNew */ = {
			isa = PBXNativeTarget;
			buildConfigurationList = 69943DFB22888FEC004DBDF2 /* Build configuration list for PBXNativeTarget "ARNew" */;
			buildPhases = (
				69943DE522888FEB004DBDF2 /* Sources */,
				69943DE622888FEB004DBDF2 /* Frameworks */,
				69943DE722888FEB004DBDF2 /* Resources */,
			);
			buildRules = (
			);
			dependencies = (
			);
			name = ARNew;
			productName = ARNew;
			productReference = 69943DE922888FEB004DBDF2 /* ARNew.app */;
			productType = "com.apple.product-type.application";
		};
/* End PBXNativeTarget section */

/* Begin PBXProject section */
		69943DE122888FEB004DBDF2 /* Project object */ = {
			isa = PBXProject;
			attributes = {
				LastSwiftUpdateCheck = 1020;
				LastUpgradeCheck = 1020;
				ORGANIZATIONNAME = "Hossein Payami";
				TargetAttributes = {
					69943DE822888FEB004DBDF2 = {
						CreatedOnToolsVersion = 10.2.1;
					};
				};
			};
			buildConfigurationList = 69943DE422888FEB004DBDF2 /* Build configuration list for PBXProject "ARNew" */;
			compatibilityVersion = "Xcode 9.3";
			developmentRegion = en;
			hasScannedForEncodings = 0;
			knownRegions = (
				en,
				Base,
			);
			mainGroup = 69943DE022888FEB004DBDF2;
			productRefGroup = 69943DEA22888FEB004DBDF2 /* Products */;
			projectDirPath = "";
			projectRoot = "";
			targets = (
				69943DE822888FEB004DBDF2 /* ARNew */,
			);
		};
/* End PBXProject section */

/* Begin PBXResourcesBuildPhase section */
		69943DE722888FEB004DBDF2 /* Resources */ = {
			isa = PBXResourcesBuildPhase;
			buildActionMask = 2147483647;
			files = (
				69943DF722888FEC004DBDF2 /* LaunchScreen.storyboard in Resources */,
				69C8F2B4228B1C3900BF76DC /* melissa.MOV in Resources */,
				69943E01228B124C004DBDF2 /* art.scnassets in Resources */,
				69C8F2B5228B1C3900BF76DC /* simple.mp4 in Resources */,
				69943DF422888FEC004DBDF2 /* Assets.xcassets in Resources */,
			);
			runOnlyForDeploymentPostprocessing = 0;
		};
/* End PBXResourcesBuildPhase section */

/* Begin PBXSourcesBuildPhase section */
		69943DE522888FEB004DBDF2 /* Sources */ = {
			isa = PBXSourcesBuildPhase;
			buildActionMask = 2147483647;
			files = (
				69943DED22888FEB004DBDF2 /* AppDelegate.swift in Sources */,
				69943DFF22889633004DBDF2 /* sceneViewController.swift in Sources */,
			);
			runOnlyForDeploymentPostprocessing = 0;
		};
/* End PBXSourcesBuildPhase section */

/* Begin PBXVariantGroup section */
		69943DF522888FEC004DBDF2 /* LaunchScreen.storyboard */ = {
			isa = PBXVariantGroup;
			children = (
				69943DF622888FEC004DBDF2 /* Base */,
			);
			name = LaunchScreen.storyboard;
			sourceTree = "<group>";
		};
/* End PBXVariantGroup section */

/* Begin XCBuildConfiguration section */
		69943DF922888FEC004DBDF2 /* Debug */ = {
			isa = XCBuildConfiguration;
			buildSettings = {
				ALWAYS_SEARCH_USER_PATHS = NO;
				CLANG_ANALYZER_NONNULL = YES;
				CLANG_ANALYZER_NUMBER_OBJECT_CONVERSION = YES_AGGRESSIVE;
				CLANG_CXX_LANGUAGE_STANDARD = "gnu++14";
				CLANG_CXX_LIBRARY = "libc++";
				CLANG_ENABLE_MODULES = YES;
				CLANG_ENABLE_OBJC_ARC = YES;
				CLANG_ENABLE_OBJC_WEAK = YES;
				CLANG_WARN_BLOCK_CAPTURE_AUTORELEASING = YES;
				CLANG_WARN_BOOL_CONVERSION = YES;
				CLANG_WARN_COMMA = YES;
				CLANG_WARN_CONSTANT_CONVERSION = YES;
				CLANG_WARN_DEPRECATED_OBJC_IMPLEMENTATIONS = YES;
				CLANG_WARN_DIRECT_OBJC_ISA_USAGE = YES_ERROR;
				CLANG_WARN_DOCUMENTATION_COMMENTS = YES;
				CLANG_WARN_EMPTY_BODY = YES;
				CLANG_WARN_ENUM_CONVERSION = YES;
				CLANG_WARN_INFINITE_RECURSION = YES;
				CLANG_WARN_INT_CONVERSION = YES;
				CLANG_WARN_NON_LITERAL_NULL_CONVERSION = YES;
				CLANG_WARN_OBJC_IMPLICIT_RETAIN_SELF = YES;
				CLANG_WARN_OBJC_LITERAL_CONVERSION = YES;
				CLANG_WARN_OBJC_ROOT_CLASS = YES_ERROR;
				CLANG_WARN_RANGE_LOOP_ANALYSIS = YES;
				CLANG_WARN_STRICT_PROTOTYPES = YES;
				CLANG_WARN_SUSPICIOUS_MOVE = YES;
				CLANG_WARN_UNGUARDED_AVAILABILITY = YES_AGGRESSIVE;
				CLANG_WARN_UNREACHABLE_CODE = YES;
				CLANG_WARN__DUPLICATE_METHOD_MATCH = YES;
				CODE_SIGN_IDENTITY = "iPhone Developer";
				COPY_PHASE_STRIP = NO;
				DEBUG_INFORMATION_FORMAT = dwarf;
				ENABLE_STRICT_OBJC_MSGSEND = YES;
				ENABLE_TESTABILITY = YES;
				GCC_C_LANGUAGE_STANDARD = gnu11;
				GCC_DYNAMIC_NO_PIC = NO;
				GCC_NO_COMMON_BLOCKS = YES;
				GCC_OPTIMIZATION_LEVEL = 0;
				GCC_PREPROCESSOR_DEFINITIONS = (
					"DEBUG=1",
					"$(inherited)",
				);
				GCC_WARN_64_TO_32_BIT_CONVERSION = YES;
				GCC_WARN_ABOUT_RETURN_TYPE = YES_ERROR;
				GCC_WARN_UNDECLARED_SELECTOR = YES;
				GCC_WARN_UNINITIALIZED_AUTOS = YES_AGGRESSIVE;
				GCC_WARN_UNUSED_FUNCTION = YES;
				GCC_WARN_UNUSED_VARIABLE = YES;
				IPHONEOS_DEPLOYMENT_TARGET = 12.2;
				MTL_ENABLE_DEBUG_INFO = INCLUDE_SOURCE;
				MTL_FAST_MATH = YES;
				ONLY_ACTIVE_ARCH = YES;
				SDKROOT = iphoneos;
				SWIFT_ACTIVE_COMPILATION_CONDITIONS = DEBUG;
				SWIFT_OPTIMIZATION_LEVEL = "-Onone";
			};
			name = Debug;
		};
		69943DFA22888FEC004DBDF2 /* Release */ = {
			isa = XCBuildConfiguration;
			buildSettings = {
				ALWAYS_SEARCH_USER_PATHS = NO;
				CLANG_ANALYZER_NONNULL = YES;
				CLANG_ANALYZER_NUMBER_OBJECT_CONVERSION = YES_AGGRESSIVE;
				CLANG_CXX_LANGUAGE_STANDARD = "gnu++14";
				CLANG_CXX_LIBRARY = "libc++";
				CLANG_ENABLE_MODULES = YES;
				CLANG_ENABLE_OBJC_ARC = YES;
				CLANG_ENABLE_OBJC_WEAK = YES;
				CLANG_WARN_BLOCK_CAPTURE_AUTORELEASING = YES;
				CLANG_WARN_BOOL_CONVERSION = YES;
				CLANG_WARN_COMMA = YES;
				CLANG_WARN_CONSTANT_CONVERSION = YES;
				CLANG_WARN_DEPRECATED_OBJC_IMPLEMENTATIONS = YES;
				CLANG_WARN_DIRECT_OBJC_ISA_USAGE = YES_ERROR;
				CLANG_WARN_DOCUMENTATION_COMMENTS = YES;
				CLANG_WARN_EMPTY_BODY = YES;
				CLANG_WARN_ENUM_CONVERSION = YES;
				CLANG_WARN_INFINITE_RECURSION = YES;
				CLANG_WARN_INT_CONVERSION = YES;
				CLANG_WARN_NON_LITERAL_NULL_CONVERSION = YES;
				CLANG_WARN_OBJC_IMPLICIT_RETAIN_SELF = YES;
				CLANG_WARN_OBJC_LITERAL_CONVERSION = YES;
				CLANG_WARN_OBJC_ROOT_CLASS = YES_ERROR;
				CLANG_WARN_RANGE_LOOP_ANALYSIS = YES;
				CLANG_WARN_STRICT_PROTOTYPES = YES;
				CLANG_WARN_SUSPICIOUS_MOVE = YES;
				CLANG_WARN_UNGUARDED_AVAILABILITY = YES_AGGRESSIVE;
				CLANG_WARN_UNREACHABLE_CODE = YES;
				CLANG_WARN__DUPLICATE_METHOD_MATCH = YES;
				CODE_SIGN_IDENTITY = "iPhone Developer";
				COPY_PHASE_STRIP = NO;
				DEBUG_INFORMATION_FORMAT = "dwarf-with-dsym";
				ENABLE_NS_ASSERTIONS = NO;
				ENABLE_STRICT_OBJC_MSGSEND = YES;
				GCC_C_LANGUAGE_STANDARD = gnu11;
				GCC_NO_COMMON_BLOCKS = YES;
				GCC_WARN_64_TO_32_BIT_CONVERSION = YES;
				GCC_WARN_ABOUT_RETURN_TYPE = YES_ERROR;
				GCC_WARN_UNDECLARED_SELECTOR = YES;
				GCC_WARN_UNINITIALIZED_AUTOS = YES_AGGRESSIVE;
				GCC_WARN_UNUSED_FUNCTION = YES;
				GCC_WARN_UNUSED_VARIABLE = YES;
				IPHONEOS_DEPLOYMENT_TARGET = 12.2;
				MTL_ENABLE_DEBUG_INFO = NO;
				MTL_FAST_MATH = YES;
				SDKROOT = iphoneos;
				SWIFT_COMPILATION_MODE = wholemodule;
				SWIFT_OPTIMIZATION_LEVEL = "-O";
				VALIDATE_PRODUCT = YES;
			};
			name = Release;
		};
		69943DFC22888FEC004DBDF2 /* Debug */ = {
			isa = XCBuildConfiguration;
			buildSettings = {
				ASSETCATALOG_COMPILER_APPICON_NAME = AppIcon;
				CODE_SIGN_STYLE = Automatic;
				DEVELOPMENT_TEAM = 269R8243CU;
				INFOPLIST_FILE = ARNew/Info.plist;
				LD_RUNPATH_SEARCH_PATHS = (
					"$(inherited)",
					"@executable_path/Frameworks",
				);
				PRODUCT_BUNDLE_IDENTIFIER = com.payami;
				PRODUCT_NAME = "$(TARGET_NAME)";
				SWIFT_VERSION = 5.0;
				TARGETED_DEVICE_FAMILY = "1,2";
			};
			name = Debug;
		};
		69943DFD22888FEC004DBDF2 /* Release */ = {
			isa = XCBuildConfiguration;
			buildSettings = {
				ASSETCATALOG_COMPILER_APPICON_NAME = AppIcon;
				CODE_SIGN_STYLE = Automatic;
				DEVELOPMENT_TEAM = 269R8243CU;
				INFOPLIST_FILE = ARNew/Info.plist;
				LD_RUNPATH_SEARCH_PATHS = (
					"$(inherited)",
					"@executable_path/Frameworks",
				);
				PRODUCT_BUNDLE_IDENTIFIER = com.payami;
				PRODUCT_NAME = "$(TARGET_NAME)";
				SWIFT_VERSION = 5.0;
				TARGETED_DEVICE_FAMILY = "1,2";
			};
			name = Release;
		};
/* End XCBuildConfiguration section */

/* Begin XCConfigurationList section */
		69943DE422888FEB004DBDF2 /* Build configuration list for PBXProject "ARNew" */ = {
			isa = XCConfigurationList;
			buildConfigurations = (
				69943DF922888FEC004DBDF2 /* Debug */,
				69943DFA22888FEC004DBDF2 /* Release */,
			);
			defaultConfigurationIsVisible = 0;
			defaultConfigurationName = Release;
		};
		69943DFB22888FEC004DBDF2 /* Build configuration list for PBXNativeTarget "ARNew" */ = {
			isa = XCConfigurationList;
			buildConfigurations = (
				69943DFC22888FEC004DBDF2 /* Debug */,
				69943DFD22888FEC004DBDF2 /* Release */,
			);
			defaultConfigurationIsVisible = 0;
			defaultConfigurationName = Release;
		};
/* End XCConfigurationList section */
	};
	rootObject = 69943DE122888FEB004DBDF2 /* Project object */;
}
